
Microsoft Visual Studio Solution File, Format Version 12.00
# Visual Studio Version 17
VisualStudioVersion = 17.0.32014.148
MinimumVisualStudioVersion = 10.0.40219.1
Project("{FAE04EC0-301F-11D3-BF4B-00C04F79EFBC}") = "composite", "composite\composite.csproj", "{0F4AF7A7-BFF7-434E-8A94-A92141C75EB5}"
EndProject
Global
	GlobalSection(SolutionConfigurationPlatforms) = preSolution
		Debug|Any CPU = Debug|Any CPU
		Release|Any CPU = Release|Any CPU
	EndGlobalSection
	GlobalSection(ProjectConfigurationPlatforms) = postSolution
		{0F4AF7A7-BFF7-434E-8A94-A92141C75EB5}.Debug|Any CPU.ActiveCfg = Debug|Any CPU
		{0F4AF7A7-BFF7-434E-8A94-A92141C75EB5}.Debug|Any CPU.Build.0 = Debug|Any CPU
		{0F4AF7A7-BFF7-434E-8A94-A92141C75EB5}.Release|Any CPU.ActiveCfg = Release|Any CPU
		{0F4AF7A7-BFF7-434E-8A94-A92141C75EB5}.Release|Any CPU.Build.0 = Release|Any CPU
	EndGlobalSection
	GlobalSection(SolutionProperties) = preSolution
		HideSolutionNode = FALSE
	EndGlobalSection
	GlobalSection(ExtensibilityGlobals) = postSolution
		SolutionGuid = {EDEA7845-65A2-4AE5-8E93-A4AE8666A40C}
	EndGlobalSection
EndGlobal
