
Microsoft Visual Studio Solution File, Format Version 12.00
# Visual Studio Version 17
VisualStudioVersion = 17.0.32014.148
MinimumVisualStudioVersion = 10.0.40219.1
Project("{FAE04EC0-301F-11D3-BF4B-00C04F79EFBC}") = "isp principle", "isp principle\isp principle.csproj", "{80E26A16-CF9F-4452-8A86-4470D78ECF73}"
EndProject
Global
	GlobalSection(SolutionConfigurationPlatforms) = preSolution
		Debug|Any CPU = Debug|Any CPU
		Release|Any CPU = Release|Any CPU
	EndGlobalSection
	GlobalSection(ProjectConfigurationPlatforms) = postSolution
		{80E26A16-CF9F-4452-8A86-4470D78ECF73}.Debug|Any CPU.ActiveCfg = Debug|Any CPU
		{80E26A16-CF9F-4452-8A86-4470D78ECF73}.Debug|Any CPU.Build.0 = Debug|Any CPU
		{80E26A16-CF9F-4452-8A86-4470D78ECF73}.Release|Any CPU.ActiveCfg = Release|Any CPU
		{80E26A16-CF9F-4452-8A86-4470D78ECF73}.Release|Any CPU.Build.0 = Release|Any CPU
	EndGlobalSection
	GlobalSection(SolutionProperties) = preSolution
		HideSolutionNode = FALSE
	EndGlobalSection
	GlobalSection(ExtensibilityGlobals) = postSolution
		SolutionGuid = {6C5EF950-3152-438B-9F3F-A838A6AB8687}
	EndGlobalSection
EndGlobal
